// !$*UTF8*$!
{
	archiveVersion = 1;
	classes = {
	};
	objectVersion = 55;
	objects = {

/* Begin PBXBuildFile section */
		F6D51A6527F3541900ACEECD /* AppDelegate.swift in Sources */ = {isa = PBXBuildFile; fileRef = F6D51A6427F3541900ACEECD /* AppDelegate.swift */; };
		F6D51A6727F3541900ACEECD /* SceneDelegate.swift in Sources */ = {isa = PBXBuildFile; fileRef = F6D51A6627F3541900ACEECD /* SceneDelegate.swift */; };
		F6D51A6927F3541900ACEECD /* ViewController.swift in Sources */ = {isa = PBXBuildFile; fileRef = F6D51A6827F3541900ACEECD /* ViewController.swift */; };
		F6D51A6C27F3541900ACEECD /* Main.storyboard in Resources */ = {isa = PBXBuildFile; fileRef = F6D51A6A27F3541900ACEECD /* Main.storyboard */; };
		F6D51A6E27F3541B00ACEECD /* Assets.xcassets in Resources */ = {isa = PBXBuildFile; fileRef = F6D51A6D27F3541B00ACEECD /* Assets.xcassets */; };
		F6D51A7127F3541B00ACEECD /* LaunchScreen.storyboard in Resources */ = {isa = PBXBuildFile; fileRef = F6D51A6F27F3541B00ACEECD /* LaunchScreen.storyboard */; };
		F6D51A7C27F3541B00ACEECD /* TableViewDemoTests.swift in Sources */ = {isa = PBXBuildFile; fileRef = F6D51A7B27F3541B00ACEECD /* TableViewDemoTests.swift */; };
		F6D51A8627F3541C00ACEECD /* TableViewDemoUITests.swift in Sources */ = {isa = PBXBuildFile; fileRef = F6D51A8527F3541C00ACEECD /* TableViewDemoUITests.swift */; };
		F6D51A8827F3541C00ACEECD /* TableViewDemoUITestsLaunchTests.swift in Sources */ = {isa = PBXBuildFile; fileRef = F6D51A8727F3541C00ACEECD /* TableViewDemoUITestsLaunchTests.swift */; };
		F6D51A9527F355F300ACEECD /* DetailsViewController.swift in Sources */ = {isa = PBXBuildFile; fileRef = F6D51A9427F355F300ACEECD /* DetailsViewController.swift */; };
/* End PBXBuildFile section */

/* Begin PBXContainerItemProxy section */
		F6D51A7827F3541B00ACEECD /* PBXContainerItemProxy */ = {
			isa = PBXContainerItemProxy;
			containerPortal = F6D51A5927F3541900ACEECD /* Project object */;
			proxyType = 1;
			remoteGlobalIDString = F6D51A6027F3541900ACEECD;
			remoteInfo = TableViewDemo;
		};
		F6D51A8227F3541C00ACEECD /* PBXContainerItemProxy */ = {
			isa = PBXContainerItemProxy;
			containerPortal = F6D51A5927F3541900ACEECD /* Project object */;
			proxyType = 1;
			remoteGlobalIDString = F6D51A6027F3541900ACEECD;
			remoteInfo = TableViewDemo;
		};
/* End PBXContainerItemProxy section */

/* Begin PBXFileReference section */
		F6D51A6127F3541900ACEECD /* TableViewDemo.app */ = {isa = PBXFileReference; explicitFileType = wrapper.application; includeInIndex = 0; path = TableViewDemo.app; sourceTree = BUILT_PRODUCTS_DIR; };
		F6D51A6427F3541900ACEECD /* AppDelegate.swift */ = {isa = PBXFileReference; lastKnownFileType = sourcecode.swift; path = AppDelegate.swift; sourceTree = "<group>"; };
		F6D51A6627F3541900ACEECD /* SceneDelegate.swift */ = {isa = PBXFileReference; lastKnownFileType = sourcecode.swift; path = SceneDelegate.swift; sourceTree = "<group>"; };
		F6D51A6827F3541900ACEECD /* ViewController.swift */ = {isa = PBXFileReference; lastKnownFileType = sourcecode.swift; path = ViewController.swift; sourceTree = "<group>"; };
		F6D51A6B27F3541900ACEECD /* Base */ = {isa = PBXFileReference; lastKnownFileType = file.storyboard; name = Base; path = Base.lproj/Main.storyboard; sourceTree = "<group>"; };
		F6D51A6D27F3541B00ACEECD /* Assets.xcassets */ = {isa = PBXFileReference; lastKnownFileType = folder.assetcatalog; path = Assets.xcassets; sourceTree = "<group>"; };
		F6D51A7027F3541B00ACEECD /* Base */ = {isa = PBXFileReference; lastKnownFileType = file.storyboard; name = Base; path = Base.lproj/LaunchScreen.storyboard; sourceTree = "<group>"; };
		F6D51A7227F3541B00ACEECD /* Info.plist */ = {isa = PBXFileReference; lastKnownFileType = text.plist.xml; path = Info.plist; sourceTree = "<group>"; };
		F6D51A7727F3541B00ACEECD /* TableViewDemoTests.xctest */ = {isa = PBXFileReference; explicitFileType = wrapper.cfbundle; includeInIndex = 0; path = TableViewDemoTests.xctest; sourceTree = BUILT_PRODUCTS_DIR; };
		F6D51A7B27F3541B00ACEECD /* TableViewDemoTests.swift */ = {isa = PBXFileReference; lastKnownFileType = sourcecode.swift; path = TableViewDemoTests.swift; sourceTree = "<group>"; };
		F6D51A8127F3541C00ACEECD /* TableViewDemoUITests.xctest */ = {isa = PBXFileReference; explicitFileType = wrapper.cfbundle; includeInIndex = 0; path = TableViewDemoUITests.xctest; sourceTree = BUILT_PRODUCTS_DIR; };
		F6D51A8527F3541C00ACEECD /* TableViewDemoUITests.swift */ = {isa = PBXFileReference; lastKnownFileType = sourcecode.swift; path = TableViewDemoUITests.swift; sourceTree = "<group>"; };
		F6D51A8727F3541C00ACEECD /* TableViewDemoUITestsLaunchTests.swift */ = {isa = PBXFileReference; lastKnownFileType = sourcecode.swift; path = TableViewDemoUITestsLaunchTests.swift; sourceTree = "<group>"; };
		F6D51A9427F355F300ACEECD /* DetailsViewController.swift */ = {isa = PBXFileReference; lastKnownFileType = sourcecode.swift; path = DetailsViewController.swift; sourceTree = "<group>"; };
/* End PBXFileReference section */

/* Begin PBXFrameworksBuildPhase section */
		F6D51A5E27F3541900ACEECD /* Frameworks */ = {
			isa = PBXFrameworksBuildPhase;
			buildActionMask = 2147483647;
			files = (
			);
			runOnlyForDeploymentPostprocessing = 0;
		};
		F6D51A7427F3541B00ACEECD /* Frameworks */ = {
			isa = PBXFrameworksBuildPhase;
			buildActionMask = 2147483647;
			files = (
			);
			runOnlyForDeploymentPostprocessing = 0;
		};
		F6D51A7E27F3541C00ACEECD /* Frameworks */ = {
			isa = PBXFrameworksBuildPhase;
			buildActionMask = 2147483647;
			files = (
			);
			runOnlyForDeploymentPostprocessing = 0;
		};
/* End PBXFrameworksBuildPhase section */

/* Begin PBXGroup section */
		F6D51A5827F3541900ACEECD = {
			isa = PBXGroup;
			children = (
				F6D51A6327F3541900ACEECD /* TableViewDemo */,
				F6D51A7A27F3541B00ACEECD /* TableViewDemoTests */,
				F6D51A8427F3541C00ACEECD /* TableViewDemoUITests */,
				F6D51A6227F3541900ACEECD /* Products */,
			);
			sourceTree = "<group>";
		};
		F6D51A6227F3541900ACEECD /* Products */ = {
			isa = PBXGroup;
			children = (
				F6D51A6127F3541900ACEECD /* TableViewDemo.app */,
				F6D51A7727F3541B00ACEECD /* TableViewDemoTests.xctest */,
				F6D51A8127F3541C00ACEECD /* TableViewDemoUITests.xctest */,
			);
			name = Products;
			sourceTree = "<group>";
		};
		F6D51A6327F3541900ACEECD /* TableViewDemo */ = {
			isa = PBXGroup;
			children = (
				F6D51A6427F3541900ACEECD /* AppDelegate.swift */,
				F6D51A6627F3541900ACEECD /* SceneDelegate.swift */,
				F6D51A6827F3541900ACEECD /* ViewController.swift */,
				F6D51A6A27F3541900ACEECD /* Main.storyboard */,
				F6D51A6D27F3541B00ACEECD /* Assets.xcassets */,
				F6D51A6F27F3541B00ACEECD /* LaunchScreen.storyboard */,
				F6D51A7227F3541B00ACEECD /* Info.plist */,
				F6D51A9427F355F300ACEECD /* DetailsViewController.swift */,
			);
			path = TableViewDemo;
			sourceTree = "<group>";
		};
		F6D51A7A27F3541B00ACEECD /* TableViewDemoTests */ = {
			isa = PBXGroup;
			children = (
				F6D51A7B27F3541B00ACEECD /* TableViewDemoTests.swift */,
			);
			path = TableViewDemoTests;
			sourceTree = "<group>";
		};
		F6D51A8427F3541C00ACEECD /* TableViewDemoUITests */ = {
			isa = PBXGroup;
			children = (
				F6D51A8527F3541C00ACEECD /* TableViewDemoUITests.swift */,
				F6D51A8727F3541C00ACEECD /* TableViewDemoUITestsLaunchTests.swift */,
			);
			path = TableViewDemoUITests;
			sourceTree = "<group>";
		};
/* End PBXGroup section */

/* Begin PBXNativeTarget section */
		F6D51A6027F3541900ACEECD /* TableViewDemo */ = {
			isa = PBXNativeTarget;
			buildConfigurationList = F6D51A8B27F3541C00ACEECD /* Build configuration list for PBXNativeTarget "TableViewDemo" */;
			buildPhases = (
				F6D51A5D27F3541900ACEECD /* Sources */,
				F6D51A5E27F3541900ACEECD /* Frameworks */,
				F6D51A5F27F3541900ACEECD /* Resources */,
			);
			buildRules = (
			);
			dependencies = (
			);
			name = TableViewDemo;
			productName = TableViewDemo;
			productReference = F6D51A6127F3541900ACEECD /* TableViewDemo.app */;
			productType = "com.apple.product-type.application";
		};
		F6D51A7627F3541B00ACEECD /* TableViewDemoTests */ = {
			isa = PBXNativeTarget;
			buildConfigurationList = F6D51A8E27F3541C00ACEECD /* Build configuration list for PBXNativeTarget "TableViewDemoTests" */;
			buildPhases = (
				F6D51A7327F3541B00ACEECD /* Sources */,
				F6D51A7427F3541B00ACEECD /* Frameworks */,
				F6D51A7527F3541B00ACEECD /* Resources */,
			);
			buildRules = (
			);
			dependencies = (
				F6D51A7927F3541B00ACEECD /* PBXTargetDependency */,
			);
			name = TableViewDemoTests;
			productName = TableViewDemoTests;
			productReference = F6D51A7727F3541B00ACEECD /* TableViewDemoTests.xctest */;
			productType = "com.apple.product-type.bundle.unit-test";
		};
		F6D51A8027F3541C00ACEECD /* TableViewDemoUITests */ = {
			isa = PBXNativeTarget;
			buildConfigurationList = F6D51A9127F3541C00ACEECD /* Build configuration list for PBXNativeTarget "TableViewDemoUITests" */;
			buildPhases = (
				F6D51A7D27F3541C00ACEECD /* Sources */,
				F6D51A7E27F3541C00ACEECD /* Frameworks */,
				F6D51A7F27F3541C00ACEECD /* Resources */,
			);
			buildRules = (
			);
			dependencies = (
				F6D51A8327F3541C00ACEECD /* PBXTargetDependency */,
			);
			name = TableViewDemoUITests;
			productName = TableViewDemoUITests;
			productReference = F6D51A8127F3541C00ACEECD /* TableViewDemoUITests.xctest */;
			productType = "com.apple.product-type.bundle.ui-testing";
		};
/* End PBXNativeTarget section */

/* Begin PBXProject section */
		F6D51A5927F3541900ACEECD /* Project object */ = {
			isa = PBXProject;
			attributes = {
				BuildIndependentTargetsInParallel = 1;
				LastSwiftUpdateCheck = 1320;
				LastUpgradeCheck = 1320;
				TargetAttributes = {
					F6D51A6027F3541900ACEECD = {
						CreatedOnToolsVersion = 13.2.1;
					};
					F6D51A7627F3541B00ACEECD = {
						CreatedOnToolsVersion = 13.2.1;
						TestTargetID = F6D51A6027F3541900ACEECD;
					};
					F6D51A8027F3541C00ACEECD = {
						CreatedOnToolsVersion = 13.2.1;
						TestTargetID = F6D51A6027F3541900ACEECD;
					};
				};
			};
			buildConfigurationList = F6D51A5C27F3541900ACEECD /* Build configuration list for PBXProject "TableViewDemo" */;
			compatibilityVersion = "Xcode 13.0";
			developmentRegion = en;
			hasScannedForEncodings = 0;
			knownRegions = (
				en,
				Base,
			);
			mainGroup = F6D51A5827F3541900ACEECD;
			productRefGroup = F6D51A6227F3541900ACEECD /* Products */;
			projectDirPath = "";
			projectRoot = "";
			targets = (
				F6D51A6027F3541900ACEECD /* TableViewDemo */,
				F6D51A7627F3541B00ACEECD /* TableViewDemoTests */,
				F6D51A8027F3541C00ACEECD /* TableViewDemoUITests */,
			);
		};
/* End PBXProject section */

/* Begin PBXResourcesBuildPhase section */
		F6D51A5F27F3541900ACEECD /* Resources */ = {
			isa = PBXResourcesBuildPhase;
			buildActionMask = 2147483647;
			files = (
				F6D51A7127F3541B00ACEECD /* LaunchScreen.storyboard in Resources */,
				F6D51A6E27F3541B00ACEECD /* Assets.xcassets in Resources */,
				F6D51A6C27F3541900ACEECD /* Main.storyboard in Resources */,
			);
			runOnlyForDeploymentPostprocessing = 0;
		};
		F6D51A7527F3541B00ACEECD /* Resources */ = {
			isa = PBXResourcesBuildPhase;
			buildActionMask = 2147483647;
			files = (
			);
			runOnlyForDeploymentPostprocessing = 0;
		};
		F6D51A7F27F3541C00ACEECD /* Resources */ = {
			isa = PBXResourcesBuildPhase;
			buildActionMask = 2147483647;
			files = (
			);
			runOnlyForDeploymentPostprocessing = 0;
		};
/* End PBXResourcesBuildPhase section */

/* Begin PBXSourcesBuildPhase section */
		F6D51A5D27F3541900ACEECD /* Sources */ = {
			isa = PBXSourcesBuildPhase;
			buildActionMask = 2147483647;
			files = (
				F6D51A6927F3541900ACEECD /* ViewController.swift in Sources */,
				F6D51A6527F3541900ACEECD /* AppDelegate.swift in Sources */,
				F6D51A6727F3541900ACEECD /* SceneDelegate.swift in Sources */,
				F6D51A9527F355F300ACEECD /* DetailsViewController.swift in Sources */,
			);
			runOnlyForDeploymentPostprocessing = 0;
		};
		F6D51A7327F3541B00ACEECD /* Sources */ = {
			isa = PBXSourcesBuildPhase;
			buildActionMask = 2147483647;
			files = (
				F6D51A7C27F3541B00ACEECD /* TableViewDemoTests.swift in Sources */,
			);
			runOnlyForDeploymentPostprocessing = 0;
		};
		F6D51A7D27F3541C00ACEECD /* Sources */ = {
			isa = PBXSourcesBuildPhase;
			buildActionMask = 2147483647;
			files = (
				F6D51A8627F3541C00ACEECD /* TableViewDemoUITests.swift in Sources */,
				F6D51A8827F3541C00ACEECD /* TableViewDemoUITestsLaunchTests.swift in Sources */,
			);
			runOnlyForDeploymentPostprocessing = 0;
		};
/* End PBXSourcesBuildPhase section */

/* Begin PBXTargetDependency section */
		F6D51A7927F3541B00ACEECD /* PBXTargetDependency */ = {
			isa = PBXTargetDependency;
			target = F6D51A6027F3541900ACEECD /* TableViewDemo */;
			targetProxy = F6D51A7827F3541B00ACEECD /* PBXContainerItemProxy */;
		};
		F6D51A8327F3541C00ACEECD /* PBXTargetDependency */ = {
			isa = PBXTargetDependency;
			target = F6D51A6027F3541900ACEECD /* TableViewDemo */;
			targetProxy = F6D51A8227F3541C00ACEECD /* PBXContainerItemProxy */;
		};
/* End PBXTargetDependency section */

/* Begin PBXVariantGroup section */
		F6D51A6A27F3541900ACEECD /* Main.storyboard */ = {
			isa = PBXVariantGroup;
			children = (
				F6D51A6B27F3541900ACEECD /* Base */,
			);
			name = Main.storyboard;
			sourceTree = "<group>";
		};
		F6D51A6F27F3541B00ACEECD /* LaunchScreen.storyboard */ = {
			isa = PBXVariantGroup;
			children = (
				F6D51A7027F3541B00ACEECD /* Base */,
			);
			name = LaunchScreen.storyboard;
			sourceTree = "<group>";
		};
/* End PBXVariantGroup section */

/* Begin XCBuildConfiguration section */
		F6D51A8927F3541C00ACEECD /* Debug */ = {
			isa = XCBuildConfiguration;
			buildSettings = {
				ALWAYS_SEARCH_USER_PATHS = NO;
				CLANG_ANALYZER_NONNULL = YES;
				CLANG_ANALYZER_NUMBER_OBJECT_CONVERSION = YES_AGGRESSIVE;
				CLANG_CXX_LANGUAGE_STANDARD = "gnu++17";
				CLANG_CXX_LIBRARY = "libc++";
				CLANG_ENABLE_MODULES = YES;
				CLANG_ENABLE_OBJC_ARC = YES;
				CLANG_ENABLE_OBJC_WEAK = YES;
				CLANG_WARN_BLOCK_CAPTURE_AUTORELEASING = YES;
				CLANG_WARN_BOOL_CONVERSION = YES;
				CLANG_WARN_COMMA = YES;
				CLANG_WARN_CONSTANT_CONVERSION = YES;
				CLANG_WARN_DEPRECATED_OBJC_IMPLEMENTATIONS = YES;
				CLANG_WARN_DIRECT_OBJC_ISA_USAGE = YES_ERROR;
				CLANG_WARN_DOCUMENTATION_COMMENTS = YES;
				CLANG_WARN_EMPTY_BODY = YES;
				CLANG_WARN_ENUM_CONVERSION = YES;
				CLANG_WARN_INFINITE_RECURSION = YES;
				CLANG_WARN_INT_CONVERSION = YES;
				CLANG_WARN_NON_LITERAL_NULL_CONVERSION = YES;
				CLANG_WARN_OBJC_IMPLICIT_RETAIN_SELF = YES;
				CLANG_WARN_OBJC_LITERAL_CONVERSION = YES;
				CLANG_WARN_OBJC_ROOT_CLASS = YES_ERROR;
				CLANG_WARN_QUOTED_INCLUDE_IN_FRAMEWORK_HEADER = YES;
				CLANG_WARN_RANGE_LOOP_ANALYSIS = YES;
				CLANG_WARN_STRICT_PROTOTYPES = YES;
				CLANG_WARN_SUSPICIOUS_MOVE = YES;
				CLANG_WARN_UNGUARDED_AVAILABILITY = YES_AGGRESSIVE;
				CLANG_WARN_UNREACHABLE_CODE = YES;
				CLANG_WARN__DUPLICATE_METHOD_MATCH = YES;
				COPY_PHASE_STRIP = NO;
				DEBUG_INFORMATION_FORMAT = dwarf;
				ENABLE_STRICT_OBJC_MSGSEND = YES;
				ENABLE_TESTABILITY = YES;
				GCC_C_LANGUAGE_STANDARD = gnu11;
				GCC_DYNAMIC_NO_PIC = NO;
				GCC_NO_COMMON_BLOCKS = YES;
				GCC_OPTIMIZATION_LEVEL = 0;
				GCC_PREPROCESSOR_DEFINITIONS = (
					"DEBUG=1",
					"$(inherited)",
				);
				GCC_WARN_64_TO_32_BIT_CONVERSION = YES;
				GCC_WARN_ABOUT_RETURN_TYPE = YES_ERROR;
				GCC_WARN_UNDECLARED_SELECTOR = YES;
				GCC_WARN_UNINITIALIZED_AUTOS = YES_AGGRESSIVE;
				GCC_WARN_UNUSED_FUNCTION = YES;
				GCC_WARN_UNUSED_VARIABLE = YES;
				IPHONEOS_DEPLOYMENT_TARGET = 15.2;
				MTL_ENABLE_DEBUG_INFO = INCLUDE_SOURCE;
				MTL_FAST_MATH = YES;
				ONLY_ACTIVE_ARCH = YES;
				SDKROOT = iphoneos;
				SWIFT_ACTIVE_COMPILATION_CONDITIONS = DEBUG;
				SWIFT_OPTIMIZATION_LEVEL = "-Onone";
			};
			name = Debug;
		};
		F6D51A8A27F3541C00ACEECD /* Release */ = {
			isa = XCBuildConfiguration;
			buildSettings = {
				ALWAYS_SEARCH_USER_PATHS = NO;
				CLANG_ANALYZER_NONNULL = YES;
				CLANG_ANALYZER_NUMBER_OBJECT_CONVERSION = YES_AGGRESSIVE;
				CLANG_CXX_LANGUAGE_STANDARD = "gnu++17";
				CLANG_CXX_LIBRARY = "libc++";
				CLANG_ENABLE_MODULES = YES;
				CLANG_ENABLE_OBJC_ARC = YES;
				CLANG_ENABLE_OBJC_WEAK = YES;
				CLANG_WARN_BLOCK_CAPTURE_AUTORELEASING = YES;
				CLANG_WARN_BOOL_CONVERSION = YES;
				CLANG_WARN_COMMA = YES;
				CLANG_WARN_CONSTANT_CONVERSION = YES;
				CLANG_WARN_DEPRECATED_OBJC_IMPLEMENTATIONS = YES;
				CLANG_WARN_DIRECT_OBJC_ISA_USAGE = YES_ERROR;
				CLANG_WARN_DOCUMENTATION_COMMENTS = YES;
				CLANG_WARN_EMPTY_BODY = YES;
				CLANG_WARN_ENUM_CONVERSION = YES;
				CLANG_WARN_INFINITE_RECURSION = YES;
				CLANG_WARN_INT_CONVERSION = YES;
				CLANG_WARN_NON_LITERAL_NULL_CONVERSION = YES;
				CLANG_WARN_OBJC_IMPLICIT_RETAIN_SELF = YES;
				CLANG_WARN_OBJC_LITERAL_CONVERSION = YES;
				CLANG_WARN_OBJC_ROOT_CLASS = YES_ERROR;
				CLANG_WARN_QUOTED_INCLUDE_IN_FRAMEWORK_HEADER = YES;
				CLANG_WARN_RANGE_LOOP_ANALYSIS = YES;
				CLANG_WARN_STRICT_PROTOTYPES = YES;
				CLANG_WARN_SUSPICIOUS_MOVE = YES;
				CLANG_WARN_UNGUARDED_AVAILABILITY = YES_AGGRESSIVE;
				CLANG_WARN_UNREACHABLE_CODE = YES;
				CLANG_WARN__DUPLICATE_METHOD_MATCH = YES;
				COPY_PHASE_STRIP = NO;
				DEBUG_INFORMATION_FORMAT = "dwarf-with-dsym";
				ENABLE_NS_ASSERTIONS = NO;
				ENABLE_STRICT_OBJC_MSGSEND = YES;
				GCC_C_LANGUAGE_STANDARD = gnu11;
				GCC_NO_COMMON_BLOCKS = YES;
				GCC_WARN_64_TO_32_BIT_CONVERSION = YES;
				GCC_WARN_ABOUT_RETURN_TYPE = YES_ERROR;
				GCC_WARN_UNDECLARED_SELECTOR = YES;
				GCC_WARN_UNINITIALIZED_AUTOS = YES_AGGRESSIVE;
				GCC_WARN_UNUSED_FUNCTION = YES;
				GCC_WARN_UNUSED_VARIABLE = YES;
				IPHONEOS_DEPLOYMENT_TARGET = 15.2;
				MTL_ENABLE_DEBUG_INFO = NO;
				MTL_FAST_MATH = YES;
				SDKROOT = iphoneos;
				SWIFT_COMPILATION_MODE = wholemodule;
				SWIFT_OPTIMIZATION_LEVEL = "-O";
				VALIDATE_PRODUCT = YES;
			};
			name = Release;
		};
		F6D51A8C27F3541C00ACEECD /* Debug */ = {
			isa = XCBuildConfiguration;
			buildSettings = {
				ASSETCATALOG_COMPILER_APPICON_NAME = AppIcon;
				ASSETCATALOG_COMPILER_GLOBAL_ACCENT_COLOR_NAME = AccentColor;
				CODE_SIGN_STYLE = Automatic;
				CURRENT_PROJECT_VERSION = 1;
				GENERATE_INFOPLIST_FILE = YES;
				INFOPLIST_FILE = TableViewDemo/Info.plist;
				INFOPLIST_KEY_CFBundleDisplayName = TableViewDemo;
				INFOPLIST_KEY_UIApplicationSupportsIndirectInputEvents = YES;
				INFOPLIST_KEY_UILaunchStoryboardName = LaunchScreen;
				INFOPLIST_KEY_UIMainStoryboardFile = Main;
				INFOPLIST_KEY_UISupportedInterfaceOrientations_iPad = "UIInterfaceOrientationPortrait UIInterfaceOrientationPortraitUpsideDown UIInterfaceOrientationLandscapeLeft UIInterfaceOrientationLandscapeRight";
				INFOPLIST_KEY_UISupportedInterfaceOrientations_iPhone = "UIInterfaceOrientationPortrait UIInterfaceOrientationLandscapeLeft UIInterfaceOrientationLandscapeRight";
				LD_RUNPATH_SEARCH_PATHS = (
					"$(inherited)",
					"@executable_path/Frameworks",
				);
				MARKETING_VERSION = 1.0;
				PRODUCT_BUNDLE_IDENTIFIER = nwmissouri.TableViewDemo;
				PRODUCT_NAME = "$(TARGET_NAME)";
				SWIFT_EMIT_LOC_STRINGS = YES;
				SWIFT_VERSION = 5.0;
				TARGETED_DEVICE_FAMILY = "1,2";
			};
			name = Debug;
		};
		F6D51A8D27F3541C00ACEECD /* Release */ = {
			isa = XCBuildConfiguration;
			buildSettings = {
				ASSETCATALOG_COMPILER_APPICON_NAME = AppIcon;
				ASSETCATALOG_COMPILER_GLOBAL_ACCENT_COLOR_NAME = AccentColor;
				CODE_SIGN_STYLE = Automatic;
				CURRENT_PROJECT_VERSION = 1;
				GENERATE_INFOPLIST_FILE = YES;
				INFOPLIST_FILE = TableViewDemo/Info.plist;
				INFOPLIST_KEY_CFBundleDisplayName = TableViewDemo;
				INFOPLIST_KEY_UIApplicationSupportsIndirectInputEvents = YES;
				INFOPLIST_KEY_UILaunchStoryboardName = LaunchScreen;
				INFOPLIST_KEY_UIMainStoryboardFile = Main;
				INFOPLIST_KEY_UISupportedInterfaceOrientations_iPad = "UIInterfaceOrientationPortrait UIInterfaceOrientationPortraitUpsideDown UIInterfaceOrientationLandscapeLeft UIInterfaceOrientationLandscapeRight";
				INFOPLIST_KEY_UISupportedInterfaceOrientations_iPhone = "UIInterfaceOrientationPortrait UIInterfaceOrientationLandscapeLeft UIInterfaceOrientationLandscapeRight";
				LD_RUNPATH_SEARCH_PATHS = (
					"$(inherited)",
					"@executable_path/Frameworks",
				);
				MARKETING_VERSION = 1.0;
				PRODUCT_BUNDLE_IDENTIFIER = nwmissouri.TableViewDemo;
				PRODUCT_NAME = "$(TARGET_NAME)";
				SWIFT_EMIT_LOC_STRINGS = YES;
				SWIFT_VERSION = 5.0;
				TARGETED_DEVICE_FAMILY = "1,2";
			};
			name = Release;
		};
		F6D51A8F27F3541C00ACEECD /* Debug */ = {
			isa = XCBuildConfiguration;
			buildSettings = {
				ALWAYS_EMBED_SWIFT_STANDARD_LIBRARIES = YES;
				BUNDLE_LOADER = "$(TEST_HOST)";
				CODE_SIGN_STYLE = Automatic;
				CURRENT_PROJECT_VERSION = 1;
				GENERATE_INFOPLIST_FILE = YES;
				IPHONEOS_DEPLOYMENT_TARGET = 15.2;
				MARKETING_VERSION = 1.0;
				PRODUCT_BUNDLE_IDENTIFIER = nwmissouri.TableViewDemoTests;
				PRODUCT_NAME = "$(TARGET_NAME)";
				SWIFT_EMIT_LOC_STRINGS = NO;
				SWIFT_VERSION = 5.0;
				TARGETED_DEVICE_FAMILY = "1,2";
				TEST_HOST = "$(BUILT_PRODUCTS_DIR)/TableViewDemo.app/TableViewDemo";
			};
			name = Debug;
		};
		F6D51A9027F3541C00ACEECD /* Release */ = {
			isa = XCBuildConfiguration;
			buildSettings = {
				ALWAYS_EMBED_SWIFT_STANDARD_LIBRARIES = YES;
				BUNDLE_LOADER = "$(TEST_HOST)";
				CODE_SIGN_STYLE = Automatic;
				CURRENT_PROJECT_VERSION = 1;
				GENERATE_INFOPLIST_FILE = YES;
				IPHONEOS_DEPLOYMENT_TARGET = 15.2;
				MARKETING_VERSION = 1.0;
				PRODUCT_BUNDLE_IDENTIFIER = nwmissouri.TableViewDemoTests;
				PRODUCT_NAME = "$(TARGET_NAME)";
				SWIFT_EMIT_LOC_STRINGS = NO;
				SWIFT_VERSION = 5.0;
				TARGETED_DEVICE_FAMILY = "1,2";
				TEST_HOST = "$(BUILT_PRODUCTS_DIR)/TableViewDemo.app/TableViewDemo";
			};
			name = Release;
		};
		F6D51A9227F3541C00ACEECD /* Debug */ = {
			isa = XCBuildConfiguration;
			buildSettings = {
				ALWAYS_EMBED_SWIFT_STANDARD_LIBRARIES = YES;
				CODE_SIGN_STYLE = Automatic;
				CURRENT_PROJECT_VERSION = 1;
				GENERATE_INFOPLIST_FILE = YES;
				MARKETING_VERSION = 1.0;
				PRODUCT_BUNDLE_IDENTIFIER = nwmissouri.TableViewDemoUITests;
				PRODUCT_NAME = "$(TARGET_NAME)";
				SWIFT_EMIT_LOC_STRINGS = NO;
				SWIFT_VERSION = 5.0;
				TARGETED_DEVICE_FAMILY = "1,2";
				TEST_TARGET_NAME = TableViewDemo;
			};
			name = Debug;
		};
		F6D51A9327F3541C00ACEECD /* Release */ = {
			isa = XCBuildConfiguration;
			buildSettings = {
				ALWAYS_EMBED_SWIFT_STANDARD_LIBRARIES = YES;
				CODE_SIGN_STYLE = Automatic;
				CURRENT_PROJECT_VERSION = 1;
				GENERATE_INFOPLIST_FILE = YES;
				MARKETING_VERSION = 1.0;
				PRODUCT_BUNDLE_IDENTIFIER = nwmissouri.TableViewDemoUITests;
				PRODUCT_NAME = "$(TARGET_NAME)";
				SWIFT_EMIT_LOC_STRINGS = NO;
				SWIFT_VERSION = 5.0;
				TARGETED_DEVICE_FAMILY = "1,2";
				TEST_TARGET_NAME = TableViewDemo;
			};
			name = Release;
		};
/* End XCBuildConfiguration section */

/* Begin XCConfigurationList section */
		F6D51A5C27F3541900ACEECD /* Build configuration list for PBXProject "TableViewDemo" */ = {
			isa = XCConfigurationList;
			buildConfigurations = (
				F6D51A8927F3541C00ACEECD /* Debug */,
				F6D51A8A27F3541C00ACEECD /* Release */,
			);
			defaultConfigurationIsVisible = 0;
			defaultConfigurationName = Release;
		};
		F6D51A8B27F3541C00ACEECD /* Build configuration list for PBXNativeTarget "TableViewDemo" */ = {
			isa = XCConfigurationList;
			buildConfigurations = (
				F6D51A8C27F3541C00ACEECD /* Debug */,
				F6D51A8D27F3541C00ACEECD /* Release */,
			);
			defaultConfigurationIsVisible = 0;
			defaultConfigurationName = Release;
		};
		F6D51A8E27F3541C00ACEECD /* Build configuration list for PBXNativeTarget "TableViewDemoTests" */ = {
			isa = XCConfigurationList;
			buildConfigurations = (
				F6D51A8F27F3541C00ACEECD /* Debug */,
				F6D51A9027F3541C00ACEECD /* Release */,
			);
			defaultConfigurationIsVisible = 0;
			defaultConfigurationName = Release;
		};
		F6D51A9127F3541C00ACEECD /* Build configuration list for PBXNativeTarget "TableViewDemoUITests" */ = {
			isa = XCConfigurationList;
			buildConfigurations = (
				F6D51A9227F3541C00ACEECD /* Debug */,
				F6D51A9327F3541C00ACEECD /* Release */,
			);
			defaultConfigurationIsVisible = 0;
			defaultConfigurationName = Release;
		};
/* End XCConfigurationList section */
	};
	rootObject = F6D51A5927F3541900ACEECD /* Project object */;
}
